
Microsoft Visual Studio Solution File, Format Version 12.00
# Visual Studio Version 17
VisualStudioVersion = 17.0.31903.59
MinimumVisualStudioVersion = 10.0.40219.1
Project("{9A19103F-16F7-4668-BE54-9A1E7A4F7556}") = "Pianomino.Theory", "Pianomino.Theory\Pianomino.Theory.csproj", "{CEEF56BE-EA89-457A-AD08-2E3DDA33FDEC}"
EndProject
Project("{9A19103F-16F7-4668-BE54-9A1E7A4F7556}") = "Pianomino.Tests", "Pianomino.Tests\Pianomino.Tests.csproj", "{86071A11-B5F9-48EA-9AF6-DF6F500A9310}"
EndProject
Project("{9A19103F-16F7-4668-BE54-9A1E7A4F7556}") = "Pianomino.Formats.Smufl", "Pianomino.Formats.Smufl\Pianomino.Formats.Smufl.csproj", "{9E3631C4-3D7E-4B15-AF64-CD1E9EB697AF}"
EndProject
Project("{9A19103F-16F7-4668-BE54-9A1E7A4F7556}") = "Pianomino.Formats.iReal", "Pianomino.Formats.iReal\Pianomino.Formats.iReal.csproj", "{58C45920-259F-4B4F-8EB7-34E151CEAD7E}"
EndProject
Project("{9A19103F-16F7-4668-BE54-9A1E7A4F7556}") = "Pianomino.Formats.Midi", "Pianomino.Formats.Midi\Pianomino.Formats.Midi.csproj", "{AFC77364-CD7F-4625-86D8-AFDBC91D252B}"
EndProject
Global
	GlobalSection(SolutionConfigurationPlatforms) = preSolution
		Debug|Any CPU = Debug|Any CPU
		Debug|arm64 = Debug|arm64
		Debug|x64 = Debug|x64
		Debug|x86 = Debug|x86
		Release|Any CPU = Release|Any CPU
		Release|arm64 = Release|arm64
		Release|x64 = Release|x64
		Release|x86 = Release|x86
	EndGlobalSection
	GlobalSection(ProjectConfigurationPlatforms) = postSolution
		{CEEF56BE-EA89-457A-AD08-2E3DDA33FDEC}.Debug|Any CPU.ActiveCfg = Debug|Any CPU
		{CEEF56BE-EA89-457A-AD08-2E3DDA33FDEC}.Debug|Any CPU.Build.0 = Debug|Any CPU
		{CEEF56BE-EA89-457A-AD08-2E3DDA33FDEC}.Debug|arm64.ActiveCfg = Debug|Any CPU
		{CEEF56BE-EA89-457A-AD08-2E3DDA33FDEC}.Debug|arm64.Build.0 = Debug|Any CPU
		{CEEF56BE-EA89-457A-AD08-2E3DDA33FDEC}.Debug|x64.ActiveCfg = Debug|Any CPU
		{CEEF56BE-EA89-457A-AD08-2E3DDA33FDEC}.Debug|x64.Build.0 = Debug|Any CPU
		{CEEF56BE-EA89-457A-AD08-2E3DDA33FDEC}.Debug|x86.ActiveCfg = Debug|Any CPU
		{CEEF56BE-EA89-457A-AD08-2E3DDA33FDEC}.Debug|x86.Build.0 = Debug|Any CPU
		{CEEF56BE-EA89-457A-AD08-2E3DDA33FDEC}.Release|Any CPU.ActiveCfg = Release|Any CPU
		{CEEF56BE-EA89-457A-AD08-2E3DDA33FDEC}.Release|Any CPU.Build.0 = Release|Any CPU
		{CEEF56BE-EA89-457A-AD08-2E3DDA33FDEC}.Release|arm64.ActiveCfg = Release|Any CPU
		{CEEF56BE-EA89-457A-AD08-2E3DDA33FDEC}.Release|arm64.Build.0 = Release|Any CPU
		{CEEF56BE-EA89-457A-AD08-2E3DDA33FDEC}.Release|x64.ActiveCfg = Release|Any CPU
		{CEEF56BE-EA89-457A-AD08-2E3DDA33FDEC}.Release|x64.Build.0 = Release|Any CPU
		{CEEF56BE-EA89-457A-AD08-2E3DDA33FDEC}.Release|x86.ActiveCfg = Release|Any CPU
		{CEEF56BE-EA89-457A-AD08-2E3DDA33FDEC}.Release|x86.Build.0 = Release|Any CPU
		{86071A11-B5F9-48EA-9AF6-DF6F500A9310}.Debug|Any CPU.ActiveCfg = Debug|Any CPU
		{86071A11-B5F9-48EA-9AF6-DF6F500A9310}.Debug|Any CPU.Build.0 = Debug|Any CPU
		{86071A11-B5F9-48EA-9AF6-DF6F500A9310}.Debug|arm64.ActiveCfg = Debug|Any CPU
		{86071A11-B5F9-48EA-9AF6-DF6F500A9310}.Debug|arm64.Build.0 = Debug|Any CPU
		{86071A11-B5F9-48EA-9AF6-DF6F500A9310}.Debug|x64.ActiveCfg = Debug|Any CPU
		{86071A11-B5F9-48EA-9AF6-DF6F500A9310}.Debug|x64.Build.0 = Debug|Any CPU
		{86071A11-B5F9-48EA-9AF6-DF6F500A9310}.Debug|x86.ActiveCfg = Debug|Any CPU
		{86071A11-B5F9-48EA-9AF6-DF6F500A9310}.Debug|x86.Build.0 = Debug|Any CPU
		{86071A11-B5F9-48EA-9AF6-DF6F500A9310}.Release|Any CPU.ActiveCfg = Release|Any CPU
		{86071A11-B5F9-48EA-9AF6-DF6F500A9310}.Release|Any CPU.Build.0 = Release|Any CPU
		{86071A11-B5F9-48EA-9AF6-DF6F500A9310}.Release|arm64.ActiveCfg = Release|Any CPU
		{86071A11-B5F9-48EA-9AF6-DF6F500A9310}.Release|arm64.Build.0 = Release|Any CPU
		{86071A11-B5F9-48EA-9AF6-DF6F500A9310}.Release|x64.ActiveCfg = Release|Any CPU
		{86071A11-B5F9-48EA-9AF6-DF6F500A9310}.Release|x64.Build.0 = Release|Any CPU
		{86071A11-B5F9-48EA-9AF6-DF6F500A9310}.Release|x86.ActiveCfg = Release|Any CPU
		{86071A11-B5F9-48EA-9AF6-DF6F500A9310}.Release|x86.Build.0 = Release|Any CPU
		{9E3631C4-3D7E-4B15-AF64-CD1E9EB697AF}.Debug|Any CPU.ActiveCfg = Debug|Any CPU
		{9E3631C4-3D7E-4B15-AF64-CD1E9EB697AF}.Debug|Any CPU.Build.0 = Debug|Any CPU
		{9E3631C4-3D7E-4B15-AF64-CD1E9EB697AF}.Debug|arm64.ActiveCfg = Debug|Any CPU
		{9E3631C4-3D7E-4B15-AF64-CD1E9EB697AF}.Debug|arm64.Build.0 = Debug|Any CPU
		{9E3631C4-3D7E-4B15-AF64-CD1E9EB697AF}.Debug|x64.ActiveCfg = Debug|Any CPU
		{9E3631C4-3D7E-4B15-AF64-CD1E9EB697AF}.Debug|x64.Build.0 = Debug|Any CPU
		{9E3631C4-3D7E-4B15-AF64-CD1E9EB697AF}.Debug|x86.ActiveCfg = Debug|Any CPU
		{9E3631C4-3D7E-4B15-AF64-CD1E9EB697AF}.Debug|x86.Build.0 = Debug|Any CPU
		{9E3631C4-3D7E-4B15-AF64-CD1E9EB697AF}.Release|Any CPU.ActiveCfg = Release|Any CPU
		{9E3631C4-3D7E-4B15-AF64-CD1E9EB697AF}.Release|Any CPU.Build.0 = Release|Any CPU
		{9E3631C4-3D7E-4B15-AF64-CD1E9EB697AF}.Release|arm64.ActiveCfg = Release|Any CPU
		{9E3631C4-3D7E-4B15-AF64-CD1E9EB697AF}.Release|arm64.Build.0 = Release|Any CPU
		{9E3631C4-3D7E-4B15-AF64-CD1E9EB697AF}.Release|x64.ActiveCfg = Release|Any CPU
		{9E3631C4-3D7E-4B15-AF64-CD1E9EB697AF}.Release|x64.Build.0 = Release|Any CPU
		{9E3631C4-3D7E-4B15-AF64-CD1E9EB697AF}.Release|x86.ActiveCfg = Release|Any CPU
		{9E3631C4-3D7E-4B15-AF64-CD1E9EB697AF}.Release|x86.Build.0 = Release|Any CPU
		{58C45920-259F-4B4F-8EB7-34E151CEAD7E}.Debug|Any CPU.ActiveCfg = Debug|Any CPU
		{58C45920-259F-4B4F-8EB7-34E151CEAD7E}.Debug|Any CPU.Build.0 = Debug|Any CPU
		{58C45920-259F-4B4F-8EB7-34E151CEAD7E}.Debug|arm64.ActiveCfg = Debug|Any CPU
		{58C45920-259F-4B4F-8EB7-34E151CEAD7E}.Debug|arm64.Build.0 = Debug|Any CPU
		{58C45920-259F-4B4F-8EB7-34E151CEAD7E}.Debug|x64.ActiveCfg = Debug|Any CPU
		{58C45920-259F-4B4F-8EB7-34E151CEAD7E}.Debug|x64.Build.0 = Debug|Any CPU
		{58C45920-259F-4B4F-8EB7-34E151CEAD7E}.Debug|x86.ActiveCfg = Debug|Any CPU
		{58C45920-259F-4B4F-8EB7-34E151CEAD7E}.Debug|x86.Build.0 = Debug|Any CPU
		{58C45920-259F-4B4F-8EB7-34E151CEAD7E}.Release|Any CPU.ActiveCfg = Release|Any CPU
		{58C45920-259F-4B4F-8EB7-34E151CEAD7E}.Release|Any CPU.Build.0 = Release|Any CPU
		{58C45920-259F-4B4F-8EB7-34E151CEAD7E}.Release|arm64.ActiveCfg = Release|Any CPU
		{58C45920-259F-4B4F-8EB7-34E151CEAD7E}.Release|arm64.Build.0 = Release|Any CPU
		{58C45920-259F-4B4F-8EB7-34E151CEAD7E}.Release|x64.ActiveCfg = Release|Any CPU
		{58C45920-259F-4B4F-8EB7-34E151CEAD7E}.Release|x64.Build.0 = Release|Any CPU
		{58C45920-259F-4B4F-8EB7-34E151CEAD7E}.Release|x86.ActiveCfg = Release|Any CPU
		{58C45920-259F-4B4F-8EB7-34E151CEAD7E}.Release|x86.Build.0 = Release|Any CPU
		{AFC77364-CD7F-4625-86D8-AFDBC91D252B}.Debug|Any CPU.ActiveCfg = Debug|Any CPU
		{AFC77364-CD7F-4625-86D8-AFDBC91D252B}.Debug|Any CPU.Build.0 = Debug|Any CPU
		{AFC77364-CD7F-4625-86D8-AFDBC91D252B}.Debug|arm64.ActiveCfg = Debug|Any CPU
		{AFC77364-CD7F-4625-86D8-AFDBC91D252B}.Debug|arm64.Build.0 = Debug|Any CPU
		{AFC77364-CD7F-4625-86D8-AFDBC91D252B}.Debug|x64.ActiveCfg = Debug|Any CPU
		{AFC77364-CD7F-4625-86D8-AFDBC91D252B}.Debug|x64.Build.0 = Debug|Any CPU
		{AFC77364-CD7F-4625-86D8-AFDBC91D252B}.Debug|x86.ActiveCfg = Debug|Any CPU
		{AFC77364-CD7F-4625-86D8-AFDBC91D252B}.Debug|x86.Build.0 = Debug|Any CPU
		{AFC77364-CD7F-4625-86D8-AFDBC91D252B}.Release|Any CPU.ActiveCfg = Release|Any CPU
		{AFC77364-CD7F-4625-86D8-AFDBC91D252B}.Release|Any CPU.Build.0 = Release|Any CPU
		{AFC77364-CD7F-4625-86D8-AFDBC91D252B}.Release|arm64.ActiveCfg = Release|Any CPU
		{AFC77364-CD7F-4625-86D8-AFDBC91D252B}.Release|arm64.Build.0 = Release|Any CPU
		{AFC77364-CD7F-4625-86D8-AFDBC91D252B}.Release|x64.ActiveCfg = Release|Any CPU
		{AFC77364-CD7F-4625-86D8-AFDBC91D252B}.Release|x64.Build.0 = Release|Any CPU
		{AFC77364-CD7F-4625-86D8-AFDBC91D252B}.Release|x86.ActiveCfg = Release|Any CPU
		{AFC77364-CD7F-4625-86D8-AFDBC91D252B}.Release|x86.Build.0 = Release|Any CPU
	EndGlobalSection
	GlobalSection(SolutionProperties) = preSolution
		HideSolutionNode = FALSE
	EndGlobalSection
	GlobalSection(ExtensibilityGlobals) = postSolution
		SolutionGuid = {EF5F7191-F6EA-44AD-88DB-F777B69B67AE}
	EndGlobalSection
EndGlobal
